
Microsoft Visual Studio Solution File, Format Version 12.00
# Visual Studio Version 17
VisualStudioVersion = 17.0.31919.166
MinimumVisualStudioVersion = 10.0.40219.1
Project("{FAE04EC0-301F-11D3-BF4B-00C04F79EFBC}") = "Practice", "Practice\Practice.csproj", "{7C63F844-BA3B-44A1-88CF-357CA56F263A}"
EndProject
Global
	GlobalSection(SolutionConfigurationPlatforms) = preSolution
		Debug|Any CPU = Debug|Any CPU
		Release|Any CPU = Release|Any CPU
	EndGlobalSection
	GlobalSection(ProjectConfigurationPlatforms) = postSolution
		{7C63F844-BA3B-44A1-88CF-357CA56F263A}.Debug|Any CPU.ActiveCfg = Debug|Any CPU
		{7C63F844-BA3B-44A1-88CF-357CA56F263A}.Debug|Any CPU.Build.0 = Debug|Any CPU
		{7C63F844-BA3B-44A1-88CF-357CA56F263A}.Release|Any CPU.ActiveCfg = Release|Any CPU
		{7C63F844-BA3B-44A1-88CF-357CA56F263A}.Release|Any CPU.Build.0 = Release|Any CPU
	EndGlobalSection
	GlobalSection(SolutionProperties) = preSolution
		HideSolutionNode = FALSE
	EndGlobalSection
	GlobalSection(ExtensibilityGlobals) = postSolution
		SolutionGuid = {1A0709F1-3B80-4D87-BBE9-78FC0B341323}
	EndGlobalSection
EndGlobal
